
Microsoft Visual Studio Solution File, Format Version 12.00
# Visual Studio Version 16
VisualStudioVersion = 16.0.30907.101
MinimumVisualStudioVersion = 10.0.40219.1
Project("{2150E333-8FDC-42A3-9474-1A3956D46DE8}") = "Api", "Api", "{6453AE83-84EE-4651-BE4F-62C6F3F09C79}"
EndProject
Project("{9A19103F-16F7-4668-BE54-9A1E7A4F7556}") = "Sunday.Repository", "src\Sunday.Repository\Sunday.Repository.csproj", "{DDC02128-19AE-49B7-8956-3046CE86DA41}"
EndProject
Project("{FAE04EC0-301F-11D3-BF4B-00C04F79EFBC}") = "Sunday.Repository.UnitTest", "src\Sunday.Repository.UnitTest\Sunday.Repository.UnitTest.csproj", "{7B5ECFF5-5449-44FF-A38D-7D6C64F67E97}"
EndProject
Global
	GlobalSection(SolutionConfigurationPlatforms) = preSolution
		Debug|Any CPU = Debug|Any CPU
		Release|Any CPU = Release|Any CPU
	EndGlobalSection
	GlobalSection(ProjectConfigurationPlatforms) = postSolution
		{DDC02128-19AE-49B7-8956-3046CE86DA41}.Debug|Any CPU.ActiveCfg = Debug|Any CPU
		{DDC02128-19AE-49B7-8956-3046CE86DA41}.Debug|Any CPU.Build.0 = Debug|Any CPU
		{DDC02128-19AE-49B7-8956-3046CE86DA41}.Release|Any CPU.ActiveCfg = Release|Any CPU
		{DDC02128-19AE-49B7-8956-3046CE86DA41}.Release|Any CPU.Build.0 = Release|Any CPU
		{7B5ECFF5-5449-44FF-A38D-7D6C64F67E97}.Debug|Any CPU.ActiveCfg = Debug|Any CPU
		{7B5ECFF5-5449-44FF-A38D-7D6C64F67E97}.Debug|Any CPU.Build.0 = Debug|Any CPU
		{7B5ECFF5-5449-44FF-A38D-7D6C64F67E97}.Release|Any CPU.ActiveCfg = Release|Any CPU
		{7B5ECFF5-5449-44FF-A38D-7D6C64F67E97}.Release|Any CPU.Build.0 = Release|Any CPU
	EndGlobalSection
	GlobalSection(SolutionProperties) = preSolution
		HideSolutionNode = FALSE
	EndGlobalSection
	GlobalSection(ExtensibilityGlobals) = postSolution
		SolutionGuid = {B1110174-E60F-4DD1-A1F7-9455AE9915E6}
	EndGlobalSection
EndGlobal
